
Microsoft Visual Studio Solution File, Format Version 12.00
# Visual Studio Version 17
VisualStudioVersion = 17.0.31903.59
MinimumVisualStudioVersion = 10.0.40219.1
Project("{2150E333-8FDC-42A3-9474-1A3956D46DE8}") = "src", "src", "{DEE498C7-2804-4B4C-A368-79EEA81C7D77}"
EndProject
Project("{FAE04EC0-301F-11D3-BF4B-00C04F79EFBC}") = "Joblin.Domain", "src\Joblin.Domain\Joblin.Domain.csproj", "{9DBE08B0-B75C-4B08-9A00-D972536B5326}"
EndProject
Project("{FAE04EC0-301F-11D3-BF4B-00C04F79EFBC}") = "Joblin.Application", "src\Joblin.Application\Joblin.Application.csproj", "{0624EDA9-569E-46D5-99E1-882A1AB79E78}"
EndProject
Project("{FAE04EC0-301F-11D3-BF4B-00C04F79EFBC}") = "Joblin.Api", "src\Joblin.Api\Joblin.Api.csproj", "{EF8CDFC5-9B45-4649-8D55-23C5FA175270}"
EndProject
Project("{FAE04EC0-301F-11D3-BF4B-00C04F79EFBC}") = "Joblin.Infrastructure", "src\Joblin.Infrastructure\Joblin.Infrastructure.csproj", "{B8128D4E-9D0E-413B-A13F-D0C620046A7F}"
EndProject
Project("{FAE04EC0-301F-11D3-BF4B-00C04F79EFBC}") = "Joblin", "src\Joblin\Joblin.csproj", "{E0C55613-A97C-40A2-8ECE-6815915ADB79}"
EndProject
Global
	GlobalSection(SolutionConfigurationPlatforms) = preSolution
		Debug|Any CPU = Debug|Any CPU
		Release|Any CPU = Release|Any CPU
	EndGlobalSection
	GlobalSection(SolutionProperties) = preSolution
		HideSolutionNode = FALSE
	EndGlobalSection
	GlobalSection(ProjectConfigurationPlatforms) = postSolution
		{9DBE08B0-B75C-4B08-9A00-D972536B5326}.Debug|Any CPU.ActiveCfg = Debug|Any CPU
		{9DBE08B0-B75C-4B08-9A00-D972536B5326}.Debug|Any CPU.Build.0 = Debug|Any CPU
		{9DBE08B0-B75C-4B08-9A00-D972536B5326}.Release|Any CPU.ActiveCfg = Release|Any CPU
		{9DBE08B0-B75C-4B08-9A00-D972536B5326}.Release|Any CPU.Build.0 = Release|Any CPU
		{0624EDA9-569E-46D5-99E1-882A1AB79E78}.Debug|Any CPU.ActiveCfg = Debug|Any CPU
		{0624EDA9-569E-46D5-99E1-882A1AB79E78}.Debug|Any CPU.Build.0 = Debug|Any CPU
		{0624EDA9-569E-46D5-99E1-882A1AB79E78}.Release|Any CPU.ActiveCfg = Release|Any CPU
		{0624EDA9-569E-46D5-99E1-882A1AB79E78}.Release|Any CPU.Build.0 = Release|Any CPU
		{EF8CDFC5-9B45-4649-8D55-23C5FA175270}.Debug|Any CPU.ActiveCfg = Debug|Any CPU
		{EF8CDFC5-9B45-4649-8D55-23C5FA175270}.Debug|Any CPU.Build.0 = Debug|Any CPU
		{EF8CDFC5-9B45-4649-8D55-23C5FA175270}.Release|Any CPU.ActiveCfg = Release|Any CPU
		{EF8CDFC5-9B45-4649-8D55-23C5FA175270}.Release|Any CPU.Build.0 = Release|Any CPU
		{B8128D4E-9D0E-413B-A13F-D0C620046A7F}.Debug|Any CPU.ActiveCfg = Debug|Any CPU
		{B8128D4E-9D0E-413B-A13F-D0C620046A7F}.Debug|Any CPU.Build.0 = Debug|Any CPU
		{B8128D4E-9D0E-413B-A13F-D0C620046A7F}.Release|Any CPU.ActiveCfg = Release|Any CPU
		{B8128D4E-9D0E-413B-A13F-D0C620046A7F}.Release|Any CPU.Build.0 = Release|Any CPU
		{E0C55613-A97C-40A2-8ECE-6815915ADB79}.Debug|Any CPU.ActiveCfg = Debug|Any CPU
		{E0C55613-A97C-40A2-8ECE-6815915ADB79}.Debug|Any CPU.Build.0 = Debug|Any CPU
		{E0C55613-A97C-40A2-8ECE-6815915ADB79}.Release|Any CPU.ActiveCfg = Release|Any CPU
		{E0C55613-A97C-40A2-8ECE-6815915ADB79}.Release|Any CPU.Build.0 = Release|Any CPU
	EndGlobalSection
	GlobalSection(NestedProjects) = preSolution
		{9DBE08B0-B75C-4B08-9A00-D972536B5326} = {DEE498C7-2804-4B4C-A368-79EEA81C7D77}
		{0624EDA9-569E-46D5-99E1-882A1AB79E78} = {DEE498C7-2804-4B4C-A368-79EEA81C7D77}
		{EF8CDFC5-9B45-4649-8D55-23C5FA175270} = {DEE498C7-2804-4B4C-A368-79EEA81C7D77}
		{B8128D4E-9D0E-413B-A13F-D0C620046A7F} = {DEE498C7-2804-4B4C-A368-79EEA81C7D77}
		{E0C55613-A97C-40A2-8ECE-6815915ADB79} = {DEE498C7-2804-4B4C-A368-79EEA81C7D77}
	EndGlobalSection
EndGlobal
